// !$*UTF8*$!
{
	archiveVersion = 1;
	classes = {
	};
	objectVersion = 46;
	objects = {

/* Begin PBXBuildFile section */
		B336B7D81EBF1E1100A61E4D /* main.m in Sources */ = {isa = PBXBuildFile; fileRef = B336B7D71EBF1E1100A61E4D /* main.m */; };
		B336B7DB1EBF1E1100A61E4D /* AppDelegate.m in Sources */ = {isa = PBXBuildFile; fileRef = B336B7DA1EBF1E1100A61E4D /* AppDelegate.m */; };
		B336B7DE1EBF1E1100A61E4D /* ViewController.m in Sources */ = {isa = PBXBuildFile; fileRef = B336B7DD1EBF1E1100A61E4D /* ViewController.m */; };
		B336B7E11EBF1E1100A61E4D /* Main.storyboard in Resources */ = {isa = PBXBuildFile; fileRef = B336B7DF1EBF1E1100A61E4D /* Main.storyboard */; };
		B336B7E31EBF1E1100A61E4D /* Assets.xcassets in Resources */ = {isa = PBXBuildFile; fileRef = B336B7E21EBF1E1100A61E4D /* Assets.xcassets */; };
		B336B7E61EBF1E1100A61E4D /* LaunchScreen.storyboard in Resources */ = {isa = PBXBuildFile; fileRef = B336B7E41EBF1E1100A61E4D /* LaunchScreen.storyboard */; };
		B336B7F11EBF1E1100A61E4D /* GitTestTests.m in Sources */ = {isa = PBXBuildFile; fileRef = B336B7F01EBF1E1100A61E4D /* GitTestTests.m */; };
		B336B7FC1EBF1E1100A61E4D /* GitTestUITests.m in Sources */ = {isa = PBXBuildFile; fileRef = B336B7FB1EBF1E1100A61E4D /* GitTestUITests.m */; };
/* End PBXBuildFile section */

/* Begin PBXContainerItemProxy section */
		B336B7ED1EBF1E1100A61E4D /* PBXContainerItemProxy */ = {
			isa = PBXContainerItemProxy;
			containerPortal = B336B7CB1EBF1E1100A61E4D /* Project object */;
			proxyType = 1;
			remoteGlobalIDString = B336B7D21EBF1E1100A61E4D;
			remoteInfo = GitTest;
		};
		B336B7F81EBF1E1100A61E4D /* PBXContainerItemProxy */ = {
			isa = PBXContainerItemProxy;
			containerPortal = B336B7CB1EBF1E1100A61E4D /* Project object */;
			proxyType = 1;
			remoteGlobalIDString = B336B7D21EBF1E1100A61E4D;
			remoteInfo = GitTest;
		};
/* End PBXContainerItemProxy section */

/* Begin PBXFileReference section */
		B336B7D31EBF1E1100A61E4D /* GitTest.app */ = {isa = PBXFileReference; explicitFileType = wrapper.application; includeInIndex = 0; path = GitTest.app; sourceTree = BUILT_PRODUCTS_DIR; };
		B336B7D71EBF1E1100A61E4D /* main.m */ = {isa = PBXFileReference; lastKnownFileType = sourcecode.c.objc; path = main.m; sourceTree = "<group>"; };
		B336B7D91EBF1E1100A61E4D /* AppDelegate.h */ = {isa = PBXFileReference; lastKnownFileType = sourcecode.c.h; path = AppDelegate.h; sourceTree = "<group>"; };
		B336B7DA1EBF1E1100A61E4D /* AppDelegate.m */ = {isa = PBXFileReference; lastKnownFileType = sourcecode.c.objc; path = AppDelegate.m; sourceTree = "<group>"; };
		B336B7DC1EBF1E1100A61E4D /* ViewController.h */ = {isa = PBXFileReference; lastKnownFileType = sourcecode.c.h; path = ViewController.h; sourceTree = "<group>"; };
		B336B7DD1EBF1E1100A61E4D /* ViewController.m */ = {isa = PBXFileReference; lastKnownFileType = sourcecode.c.objc; path = ViewController.m; sourceTree = "<group>"; };
		B336B7E01EBF1E1100A61E4D /* Base */ = {isa = PBXFileReference; lastKnownFileType = file.storyboard; name = Base; path = Base.lproj/Main.storyboard; sourceTree = "<group>"; };
		B336B7E21EBF1E1100A61E4D /* Assets.xcassets */ = {isa = PBXFileReference; lastKnownFileType = folder.assetcatalog; path = Assets.xcassets; sourceTree = "<group>"; };
		B336B7E51EBF1E1100A61E4D /* Base */ = {isa = PBXFileReference; lastKnownFileType = file.storyboard; name = Base; path = Base.lproj/LaunchScreen.storyboard; sourceTree = "<group>"; };
		B336B7E71EBF1E1100A61E4D /* Info.plist */ = {isa = PBXFileReference; lastKnownFileType = text.plist.xml; path = Info.plist; sourceTree = "<group>"; };
		B336B7EC1EBF1E1100A61E4D /* GitTestTests.xctest */ = {isa = PBXFileReference; explicitFileType = wrapper.cfbundle; includeInIndex = 0; path = GitTestTests.xctest; sourceTree = BUILT_PRODUCTS_DIR; };
		B336B7F01EBF1E1100A61E4D /* GitTestTests.m */ = {isa = PBXFileReference; lastKnownFileType = sourcecode.c.objc; path = GitTestTests.m; sourceTree = "<group>"; };
		B336B7F21EBF1E1100A61E4D /* Info.plist */ = {isa = PBXFileReference; lastKnownFileType = text.plist.xml; path = Info.plist; sourceTree = "<group>"; };
		B336B7F71EBF1E1100A61E4D /* GitTestUITests.xctest */ = {isa = PBXFileReference; explicitFileType = wrapper.cfbundle; includeInIndex = 0; path = GitTestUITests.xctest; sourceTree = BUILT_PRODUCTS_DIR; };
		B336B7FB1EBF1E1100A61E4D /* GitTestUITests.m */ = {isa = PBXFileReference; lastKnownFileType = sourcecode.c.objc; path = GitTestUITests.m; sourceTree = "<group>"; };
		B336B7FD1EBF1E1100A61E4D /* Info.plist */ = {isa = PBXFileReference; lastKnownFileType = text.plist.xml; path = Info.plist; sourceTree = "<group>"; };
/* End PBXFileReference section */

/* Begin PBXFrameworksBuildPhase section */
		B336B7D01EBF1E1100A61E4D /* Frameworks */ = {
			isa = PBXFrameworksBuildPhase;
			buildActionMask = 2147483647;
			files = (
			);
			runOnlyForDeploymentPostprocessing = 0;
		};
		B336B7E91EBF1E1100A61E4D /* Frameworks */ = {
			isa = PBXFrameworksBuildPhase;
			buildActionMask = 2147483647;
			files = (
			);
			runOnlyForDeploymentPostprocessing = 0;
		};
		B336B7F41EBF1E1100A61E4D /* Frameworks */ = {
			isa = PBXFrameworksBuildPhase;
			buildActionMask = 2147483647;
			files = (
			);
			runOnlyForDeploymentPostprocessing = 0;
		};
/* End PBXFrameworksBuildPhase section */

/* Begin PBXGroup section */
		B336B7CA1EBF1E1100A61E4D = {
			isa = PBXGroup;
			children = (
				B336B7D51EBF1E1100A61E4D /* GitTest */,
				B336B7EF1EBF1E1100A61E4D /* GitTestTests */,
				B336B7FA1EBF1E1100A61E4D /* GitTestUITests */,
				B336B7D41EBF1E1100A61E4D /* Products */,
			);
			sourceTree = "<group>";
		};
		B336B7D41EBF1E1100A61E4D /* Products */ = {
			isa = PBXGroup;
			children = (
				B336B7D31EBF1E1100A61E4D /* GitTest.app */,
				B336B7EC1EBF1E1100A61E4D /* GitTestTests.xctest */,
				B336B7F71EBF1E1100A61E4D /* GitTestUITests.xctest */,
			);
			name = Products;
			sourceTree = "<group>";
		};
		B336B7D51EBF1E1100A61E4D /* GitTest */ = {
			isa = PBXGroup;
			children = (
				B336B7D91EBF1E1100A61E4D /* AppDelegate.h */,
				B336B7DA1EBF1E1100A61E4D /* AppDelegate.m */,
				B336B7DC1EBF1E1100A61E4D /* ViewController.h */,
				B336B7DD1EBF1E1100A61E4D /* ViewController.m */,
				B336B7DF1EBF1E1100A61E4D /* Main.storyboard */,
				B336B7E21EBF1E1100A61E4D /* Assets.xcassets */,
				B336B7E41EBF1E1100A61E4D /* LaunchScreen.storyboard */,
				B336B7E71EBF1E1100A61E4D /* Info.plist */,
				B336B7D61EBF1E1100A61E4D /* Supporting Files */,
			);
			path = GitTest;
			sourceTree = "<group>";
		};
		B336B7D61EBF1E1100A61E4D /* Supporting Files */ = {
			isa = PBXGroup;
			children = (
				B336B7D71EBF1E1100A61E4D /* main.m */,
			);
			name = "Supporting Files";
			sourceTree = "<group>";
		};
		B336B7EF1EBF1E1100A61E4D /* GitTestTests */ = {
			isa = PBXGroup;
			children = (
				B336B7F01EBF1E1100A61E4D /* GitTestTests.m */,
				B336B7F21EBF1E1100A61E4D /* Info.plist */,
			);
			path = GitTestTests;
			sourceTree = "<group>";
		};
		B336B7FA1EBF1E1100A61E4D /* GitTestUITests */ = {
			isa = PBXGroup;
			children = (
				B336B7FB1EBF1E1100A61E4D /* GitTestUITests.m */,
				B336B7FD1EBF1E1100A61E4D /* Info.plist */,
			);
			path = GitTestUITests;
			sourceTree = "<group>";
		};
/* End PBXGroup section */

/* Begin PBXNativeTarget section */
		B336B7D21EBF1E1100A61E4D /* GitTest */ = {
			isa = PBXNativeTarget;
			buildConfigurationList = B336B8001EBF1E1200A61E4D /* Build configuration list for PBXNativeTarget "GitTest" */;
			buildPhases = (
				B336B7CF1EBF1E1100A61E4D /* Sources */,
				B336B7D01EBF1E1100A61E4D /* Frameworks */,
				B336B7D11EBF1E1100A61E4D /* Resources */,
			);
			buildRules = (
			);
			dependencies = (
			);
			name = GitTest;
			productName = GitTest;
			productReference = B336B7D31EBF1E1100A61E4D /* GitTest.app */;
			productType = "com.apple.product-type.application";
		};
		B336B7EB1EBF1E1100A61E4D /* GitTestTests */ = {
			isa = PBXNativeTarget;
			buildConfigurationList = B336B8031EBF1E1200A61E4D /* Build configuration list for PBXNativeTarget "GitTestTests" */;
			buildPhases = (
				B336B7E81EBF1E1100A61E4D /* Sources */,
				B336B7E91EBF1E1100A61E4D /* Frameworks */,
				B336B7EA1EBF1E1100A61E4D /* Resources */,
			);
			buildRules = (
			);
			dependencies = (
				B336B7EE1EBF1E1100A61E4D /* PBXTargetDependency */,
			);
			name = GitTestTests;
			productName = GitTestTests;
			productReference = B336B7EC1EBF1E1100A61E4D /* GitTestTests.xctest */;
			productType = "com.apple.product-type.bundle.unit-test";
		};
		B336B7F61EBF1E1100A61E4D /* GitTestUITests */ = {
			isa = PBXNativeTarget;
			buildConfigurationList = B336B8061EBF1E1200A61E4D /* Build configuration list for PBXNativeTarget "GitTestUITests" */;
			buildPhases = (
				B336B7F31EBF1E1100A61E4D /* Sources */,
				B336B7F41EBF1E1100A61E4D /* Frameworks */,
				B336B7F51EBF1E1100A61E4D /* Resources */,
			);
			buildRules = (
			);
			dependencies = (
				B336B7F91EBF1E1100A61E4D /* PBXTargetDependency */,
			);
			name = GitTestUITests;
			productName = GitTestUITests;
			productReference = B336B7F71EBF1E1100A61E4D /* GitTestUITests.xctest */;
			productType = "com.apple.product-type.bundle.ui-testing";
		};
/* End PBXNativeTarget section */

/* Begin PBXProject section */
		B336B7CB1EBF1E1100A61E4D /* Project object */ = {
			isa = PBXProject;
			attributes = {
				LastUpgradeCheck = 0820;
				ORGANIZATIONNAME = Leo;
				TargetAttributes = {
					B336B7D21EBF1E1100A61E4D = {
						CreatedOnToolsVersion = 8.2;
						DevelopmentTeam = DTV56E6CV7;
						ProvisioningStyle = Automatic;
					};
					B336B7EB1EBF1E1100A61E4D = {
						CreatedOnToolsVersion = 8.2;
						DevelopmentTeam = DTV56E6CV7;
						ProvisioningStyle = Automatic;
						TestTargetID = B336B7D21EBF1E1100A61E4D;
					};
					B336B7F61EBF1E1100A61E4D = {
						CreatedOnToolsVersion = 8.2;
						DevelopmentTeam = DTV56E6CV7;
						ProvisioningStyle = Automatic;
						TestTargetID = B336B7D21EBF1E1100A61E4D;
					};
				};
			};
			buildConfigurationList = B336B7CE1EBF1E1100A61E4D /* Build configuration list for PBXProject "GitTest" */;
			compatibilityVersion = "Xcode 3.2";
			developmentRegion = English;
			hasScannedForEncodings = 0;
			knownRegions = (
				en,
				Base,
			);
			mainGroup = B336B7CA1EBF1E1100A61E4D;
			productRefGroup = B336B7D41EBF1E1100A61E4D /* Products */;
			projectDirPath = "";
			projectRoot = "";
			targets = (
				B336B7D21EBF1E1100A61E4D /* GitTest */,
				B336B7EB1EBF1E1100A61E4D /* GitTestTests */,
				B336B7F61EBF1E1100A61E4D /* GitTestUITests */,
			);
		};
/* End PBXProject section */

/* Begin PBXResourcesBuildPhase section */
		B336B7D11EBF1E1100A61E4D /* Resources */ = {
			isa = PBXResourcesBuildPhase;
			buildActionMask = 2147483647;
			files = (
				B336B7E61EBF1E1100A61E4D /* LaunchScreen.storyboard in Resources */,
				B336B7E31EBF1E1100A61E4D /* Assets.xcassets in Resources */,
				B336B7E11EBF1E1100A61E4D /* Main.storyboard in Resources */,
			);
			runOnlyForDeploymentPostprocessing = 0;
		};
		B336B7EA1EBF1E1100A61E4D /* Resources */ = {
			isa = PBXResourcesBuildPhase;
			buildActionMask = 2147483647;
			files = (
			);
			runOnlyForDeploymentPostprocessing = 0;
		};
		B336B7F51EBF1E1100A61E4D /* Resources */ = {
			isa = PBXResourcesBuildPhase;
			buildActionMask = 2147483647;
			files = (
			);
			runOnlyForDeploymentPostprocessing = 0;
		};
/* End PBXResourcesBuildPhase section */

/* Begin PBXSourcesBuildPhase section */
		B336B7CF1EBF1E1100A61E4D /* Sources */ = {
			isa = PBXSourcesBuildPhase;
			buildActionMask = 2147483647;
			files = (
				B336B7DE1EBF1E1100A61E4D /* ViewController.m in Sources */,
				B336B7DB1EBF1E1100A61E4D /* AppDelegate.m in Sources */,
				B336B7D81EBF1E1100A61E4D /* main.m in Sources */,
			);
			runOnlyForDeploymentPostprocessing = 0;
		};
		B336B7E81EBF1E1100A61E4D /* Sources */ = {
			isa = PBXSourcesBuildPhase;
			buildActionMask = 2147483647;
			files = (
				B336B7F11EBF1E1100A61E4D /* GitTestTests.m in Sources */,
			);
			runOnlyForDeploymentPostprocessing = 0;
		};
		B336B7F31EBF1E1100A61E4D /* Sources */ = {
			isa = PBXSourcesBuildPhase;
			buildActionMask = 2147483647;
			files = (
				B336B7FC1EBF1E1100A61E4D /* GitTestUITests.m in Sources */,
			);
			runOnlyForDeploymentPostprocessing = 0;
		};
/* End PBXSourcesBuildPhase section */

/* Begin PBXTargetDependency section */
		B336B7EE1EBF1E1100A61E4D /* PBXTargetDependency */ = {
			isa = PBXTargetDependency;
			target = B336B7D21EBF1E1100A61E4D /* GitTest */;
			targetProxy = B336B7ED1EBF1E1100A61E4D /* PBXContainerItemProxy */;
		};
		B336B7F91EBF1E1100A61E4D /* PBXTargetDependency */ = {
			isa = PBXTargetDependency;
			target = B336B7D21EBF1E1100A61E4D /* GitTest */;
			targetProxy = B336B7F81EBF1E1100A61E4D /* PBXContainerItemProxy */;
		};
/* End PBXTargetDependency section */

/* Begin PBXVariantGroup section */
		B336B7DF1EBF1E1100A61E4D /* Main.storyboard */ = {
			isa = PBXVariantGroup;
			children = (
				B336B7E01EBF1E1100A61E4D /* Base */,
			);
			name = Main.storyboard;
			sourceTree = "<group>";
		};
		B336B7E41EBF1E1100A61E4D /* LaunchScreen.storyboard */ = {
			isa = PBXVariantGroup;
			children = (
				B336B7E51EBF1E1100A61E4D /* Base */,
			);
			name = LaunchScreen.storyboard;
			sourceTree = "<group>";
		};
/* End PBXVariantGroup section */

/* Begin XCBuildConfiguration section */
		B336B7FE1EBF1E1200A61E4D /* Debug */ = {
			isa = XCBuildConfiguration;
			buildSettings = {
				ALWAYS_SEARCH_USER_PATHS = NO;
				CLANG_ANALYZER_NONNULL = YES;
				CLANG_CXX_LANGUAGE_STANDARD = "gnu++0x";
				CLANG_CXX_LIBRARY = "libc++";
				CLANG_ENABLE_MODULES = YES;
				CLANG_ENABLE_OBJC_ARC = YES;
				CLANG_WARN_BOOL_CONVERSION = YES;
				CLANG_WARN_CONSTANT_CONVERSION = YES;
				CLANG_WARN_DIRECT_OBJC_ISA_USAGE = YES_ERROR;
				CLANG_WARN_DOCUMENTATION_COMMENTS = YES;
				CLANG_WARN_EMPTY_BODY = YES;
				CLANG_WARN_ENUM_CONVERSION = YES;
				CLANG_WARN_INFINITE_RECURSION = YES;
				CLANG_WARN_INT_CONVERSION = YES;
				CLANG_WARN_OBJC_ROOT_CLASS = YES_ERROR;
				CLANG_WARN_SUSPICIOUS_MOVE = YES;
				CLANG_WARN_UNREACHABLE_CODE = YES;
				CLANG_WARN__DUPLICATE_METHOD_MATCH = YES;
				"CODE_SIGN_IDENTITY[sdk=iphoneos*]" = "iPhone Developer";
				COPY_PHASE_STRIP = NO;
				DEBUG_INFORMATION_FORMAT = dwarf;
				ENABLE_STRICT_OBJC_MSGSEND = YES;
				ENABLE_TESTABILITY = YES;
				GCC_C_LANGUAGE_STANDARD = gnu99;
				GCC_DYNAMIC_NO_PIC = NO;
				GCC_NO_COMMON_BLOCKS = YES;
				GCC_OPTIMIZATION_LEVEL = 0;
				GCC_PREPROCESSOR_DEFINITIONS = (
					"DEBUG=1",
					"$(inherited)",
				);
				GCC_WARN_64_TO_32_BIT_CONVERSION = YES;
				GCC_WARN_ABOUT_RETURN_TYPE = YES_ERROR;
				GCC_WARN_UNDECLARED_SELECTOR = YES;
				GCC_WARN_UNINITIALIZED_AUTOS = YES_AGGRESSIVE;
				GCC_WARN_UNUSED_FUNCTION = YES;
				GCC_WARN_UNUSED_VARIABLE = YES;
				IPHONEOS_DEPLOYMENT_TARGET = 10.2;
				MTL_ENABLE_DEBUG_INFO = YES;
				ONLY_ACTIVE_ARCH = YES;
				SDKROOT = iphoneos;
			};
			name = Debug;
		};
		B336B7FF1EBF1E1200A61E4D /* Release */ = {
			isa = XCBuildConfiguration;
			buildSettings = {
				ALWAYS_SEARCH_USER_PATHS = NO;
				CLANG_ANALYZER_NONNULL = YES;
				CLANG_CXX_LANGUAGE_STANDARD = "gnu++0x";
				CLANG_CXX_LIBRARY = "libc++";
				CLANG_ENABLE_MODULES = YES;
				CLANG_ENABLE_OBJC_ARC = YES;
				CLANG_WARN_BOOL_CONVERSION = YES;
				CLANG_WARN_CONSTANT_CONVERSION = YES;
				CLANG_WARN_DIRECT_OBJC_ISA_USAGE = YES_ERROR;
				CLANG_WARN_DOCUMENTATION_COMMENTS = YES;
				CLANG_WARN_EMPTY_BODY = YES;
				CLANG_WARN_ENUM_CONVERSION = YES;
				CLANG_WARN_INFINITE_RECURSION = YES;
				CLANG_WARN_INT_CONVERSION = YES;
				CLANG_WARN_OBJC_ROOT_CLASS = YES_ERROR;
				CLANG_WARN_SUSPICIOUS_MOVE = YES;
				CLANG_WARN_UNREACHABLE_CODE = YES;
				CLANG_WARN__DUPLICATE_METHOD_MATCH = YES;
				"CODE_SIGN_IDENTITY[sdk=iphoneos*]" = "iPhone Developer";
				COPY_PHASE_STRIP = NO;
				DEBUG_INFORMATION_FORMAT = "dwarf-with-dsym";
				ENABLE_NS_ASSERTIONS = NO;
				ENABLE_STRICT_OBJC_MSGSEND = YES;
				GCC_C_LANGUAGE_STANDARD = gnu99;
				GCC_NO_COMMON_BLOCKS = YES;
				GCC_WARN_64_TO_32_BIT_CONVERSION = YES;
				GCC_WARN_ABOUT_RETURN_TYPE = YES_ERROR;
				GCC_WARN_UNDECLARED_SELECTOR = YES;
				GCC_WARN_UNINITIALIZED_AUTOS = YES_AGGRESSIVE;
				GCC_WARN_UNUSED_FUNCTION = YES;
				GCC_WARN_UNUSED_VARIABLE = YES;
				IPHONEOS_DEPLOYMENT_TARGET = 10.2;
				MTL_ENABLE_DEBUG_INFO = NO;
				SDKROOT = iphoneos;
				VALIDATE_PRODUCT = YES;
			};
			name = Release;
		};
		B336B8011EBF1E1200A61E4D /* Debug */ = {
			isa = XCBuildConfiguration;
			buildSettings = {
				ASSETCATALOG_COMPILER_APPICON_NAME = AppIcon;
				DEVELOPMENT_TEAM = DTV56E6CV7;
				INFOPLIST_FILE = GitTest/Info.plist;
				LD_RUNPATH_SEARCH_PATHS = "$(inherited) @executable_path/Frameworks";
				PRODUCT_BUNDLE_IDENTIFIER = com.womaiwopai.GitTest;
				PRODUCT_NAME = "$(TARGET_NAME)";
			};
			name = Debug;
		};
		B336B8021EBF1E1200A61E4D /* Release */ = {
			isa = XCBuildConfiguration;
			buildSettings = {
				ASSETCATALOG_COMPILER_APPICON_NAME = AppIcon;
				DEVELOPMENT_TEAM = DTV56E6CV7;
				INFOPLIST_FILE = GitTest/Info.plist;
				LD_RUNPATH_SEARCH_PATHS = "$(inherited) @executable_path/Frameworks";
				PRODUCT_BUNDLE_IDENTIFIER = com.womaiwopai.GitTest;
				PRODUCT_NAME = "$(TARGET_NAME)";
			};
			name = Release;
		};
		B336B8041EBF1E1200A61E4D /* Debug */ = {
			isa = XCBuildConfiguration;
			buildSettings = {
				BUNDLE_LOADER = "$(TEST_HOST)";
				DEVELOPMENT_TEAM = DTV56E6CV7;
				INFOPLIST_FILE = GitTestTests/Info.plist;
				LD_RUNPATH_SEARCH_PATHS = "$(inherited) @executable_path/Frameworks @loader_path/Frameworks";
				PRODUCT_BUNDLE_IDENTIFIER = com.womaiwopai.GitTestTests;
				PRODUCT_NAME = "$(TARGET_NAME)";
				TEST_HOST = "$(BUILT_PRODUCTS_DIR)/GitTest.app/GitTest";
			};
			name = Debug;
		};
		B336B8051EBF1E1200A61E4D /* Release */ = {
			isa = XCBuildConfiguration;
			buildSettings = {
				BUNDLE_LOADER = "$(TEST_HOST)";
				DEVELOPMENT_TEAM = DTV56E6CV7;
				INFOPLIST_FILE = GitTestTests/Info.plist;
				LD_RUNPATH_SEARCH_PATHS = "$(inherited) @executable_path/Frameworks @loader_path/Frameworks";
				PRODUCT_BUNDLE_IDENTIFIER = com.womaiwopai.GitTestTests;
				PRODUCT_NAME = "$(TARGET_NAME)";
				TEST_HOST = "$(BUILT_PRODUCTS_DIR)/GitTest.app/GitTest";
			};
			name = Release;
		};
		B336B8071EBF1E1200A61E4D /* Debug */ = {
			isa = XCBuildConfiguration;
			buildSettings = {
				DEVELOPMENT_TEAM = DTV56E6CV7;
				INFOPLIST_FILE = GitTestUITests/Info.plist;
				LD_RUNPATH_SEARCH_PATHS = "$(inherited) @executable_path/Frameworks @loader_path/Frameworks";
				PRODUCT_BUNDLE_IDENTIFIER = com.womaiwopai.GitTestUITests;
				PRODUCT_NAME = "$(TARGET_NAME)";
				TEST_TARGET_NAME = GitTest;
			};
			name = Debug;
		};
		B336B8081EBF1E1200A61E4D /* Release */ = {
			isa = XCBuildConfiguration;
			buildSettings = {
				DEVELOPMENT_TEAM = DTV56E6CV7;
				INFOPLIST_FILE = GitTestUITests/Info.plist;
				LD_RUNPATH_SEARCH_PATHS = "$(inherited) @executable_path/Frameworks @loader_path/Frameworks";
				PRODUCT_BUNDLE_IDENTIFIER = com.womaiwopai.GitTestUITests;
				PRODUCT_NAME = "$(TARGET_NAME)";
				TEST_TARGET_NAME = GitTest;
			};
			name = Release;
		};
/* End XCBuildConfiguration section */

/* Begin XCConfigurationList section */
		B336B7CE1EBF1E1100A61E4D /* Build configuration list for PBXProject "GitTest" */ = {
			isa = XCConfigurationList;
			buildConfigurations = (
				B336B7FE1EBF1E1200A61E4D /* Debug */,
				B336B7FF1EBF1E1200A61E4D /* Release */,
			);
			defaultConfigurationIsVisible = 0;
			defaultConfigurationName = Release;
		};
		B336B8001EBF1E1200A61E4D /* Build configuration list for PBXNativeTarget "GitTest" */ = {
			isa = XCConfigurationList;
			buildConfigurations = (
				B336B8011EBF1E1200A61E4D /* Debug */,
				B336B8021EBF1E1200A61E4D /* Release */,
			);
			defaultConfigurationIsVisible = 0;
		};
		B336B8031EBF1E1200A61E4D /* Build configuration list for PBXNativeTarget "GitTestTests" */ = {
			isa = XCConfigurationList;
			buildConfigurations = (
				B336B8041EBF1E1200A61E4D /* Debug */,
				B336B8051EBF1E1200A61E4D /* Release */,
			);
			defaultConfigurationIsVisible = 0;
		};
		B336B8061EBF1E1200A61E4D /* Build configuration list for PBXNativeTarget "GitTestUITests" */ = {
			isa = XCConfigurationList;
			buildConfigurations = (
				B336B8071EBF1E1200A61E4D /* Debug */,
				B336B8081EBF1E1200A61E4D /* Release */,
			);
			defaultConfigurationIsVisible = 0;
		};
/* End XCConfigurationList section */
	};
	rootObject = B336B7CB1EBF1E1100A61E4D /* Project object */;
}
